
Microsoft Visual Studio Solution File, Format Version 12.00
# Visual Studio Version 16
VisualStudioVersion = 16.0.29709.97
MinimumVisualStudioVersion = 10.0.40219.1
Project("{FAE04EC0-301F-11D3-BF4B-00C04F79EFBC}") = "FoodREV", "FoodREV\FoodREV.csproj", "{838BCA32-4002-43A9-81CE-BA2C314E7F58}"
EndProject
Project("{FAE04EC0-301F-11D3-BF4B-00C04F79EFBC}") = "FoodREV.DataAccess", "FoodREV.DataAccess\FoodREV.DataAccess.csproj", "{D355D5BF-06EE-45AC-9170-FA6C53B46DC7}"
EndProject
Project("{FAE04EC0-301F-11D3-BF4B-00C04F79EFBC}") = "FoodREV.Models", "FoodREV.Models\FoodREV.Models.csproj", "{296459F0-6BE1-400F-8723-2E0E31C42898}"
EndProject
Project("{FAE04EC0-301F-11D3-BF4B-00C04F79EFBC}") = "FoodREV.Utility", "FoodREV.Utility\FoodREV.Utility.csproj", "{8BCCD1A8-58BF-4E09-9518-45B8CE31AE2F}"
EndProject
Global
	GlobalSection(SolutionConfigurationPlatforms) = preSolution
		Debug|Any CPU = Debug|Any CPU
		Release|Any CPU = Release|Any CPU
	EndGlobalSection
	GlobalSection(ProjectConfigurationPlatforms) = postSolution
		{838BCA32-4002-43A9-81CE-BA2C314E7F58}.Debug|Any CPU.ActiveCfg = Debug|Any CPU
		{838BCA32-4002-43A9-81CE-BA2C314E7F58}.Debug|Any CPU.Build.0 = Debug|Any CPU
		{838BCA32-4002-43A9-81CE-BA2C314E7F58}.Release|Any CPU.ActiveCfg = Release|Any CPU
		{838BCA32-4002-43A9-81CE-BA2C314E7F58}.Release|Any CPU.Build.0 = Release|Any CPU
		{D355D5BF-06EE-45AC-9170-FA6C53B46DC7}.Debug|Any CPU.ActiveCfg = Debug|Any CPU
		{D355D5BF-06EE-45AC-9170-FA6C53B46DC7}.Debug|Any CPU.Build.0 = Debug|Any CPU
		{D355D5BF-06EE-45AC-9170-FA6C53B46DC7}.Release|Any CPU.ActiveCfg = Release|Any CPU
		{D355D5BF-06EE-45AC-9170-FA6C53B46DC7}.Release|Any CPU.Build.0 = Release|Any CPU
		{296459F0-6BE1-400F-8723-2E0E31C42898}.Debug|Any CPU.ActiveCfg = Debug|Any CPU
		{296459F0-6BE1-400F-8723-2E0E31C42898}.Debug|Any CPU.Build.0 = Debug|Any CPU
		{296459F0-6BE1-400F-8723-2E0E31C42898}.Release|Any CPU.ActiveCfg = Release|Any CPU
		{296459F0-6BE1-400F-8723-2E0E31C42898}.Release|Any CPU.Build.0 = Release|Any CPU
		{8BCCD1A8-58BF-4E09-9518-45B8CE31AE2F}.Debug|Any CPU.ActiveCfg = Debug|Any CPU
		{8BCCD1A8-58BF-4E09-9518-45B8CE31AE2F}.Debug|Any CPU.Build.0 = Debug|Any CPU
		{8BCCD1A8-58BF-4E09-9518-45B8CE31AE2F}.Release|Any CPU.ActiveCfg = Release|Any CPU
		{8BCCD1A8-58BF-4E09-9518-45B8CE31AE2F}.Release|Any CPU.Build.0 = Release|Any CPU
	EndGlobalSection
	GlobalSection(SolutionProperties) = preSolution
		HideSolutionNode = FALSE
	EndGlobalSection
	GlobalSection(ExtensibilityGlobals) = postSolution
		SolutionGuid = {67E8040F-18C0-4825-8003-7FE320ED18A6}
	EndGlobalSection
EndGlobal
